
Microsoft Visual Studio Solution File, Format Version 12.00
# Visual Studio 2012
Project("{FAE04EC0-301F-11D3-BF4B-00C04F79EFBC}") = "BikeInfo", "BikeInfo\BikeInfo.csproj", "{3342CC6C-27F8-4A32-B203-3893103123C0}"
EndProject
Global
	GlobalSection(SolutionConfigurationPlatforms) = preSolution
		Debug|Any CPU = Debug|Any CPU
		Release|Any CPU = Release|Any CPU
	EndGlobalSection
	GlobalSection(ProjectConfigurationPlatforms) = postSolution
		{3342CC6C-27F8-4A32-B203-3893103123C0}.Debug|Any CPU.ActiveCfg = Debug|Any CPU
		{3342CC6C-27F8-4A32-B203-3893103123C0}.Debug|Any CPU.Build.0 = Debug|Any CPU
		{3342CC6C-27F8-4A32-B203-3893103123C0}.Release|Any CPU.ActiveCfg = Release|Any CPU
		{3342CC6C-27F8-4A32-B203-3893103123C0}.Release|Any CPU.Build.0 = Release|Any CPU
	EndGlobalSection
EndGlobal
